{
  "name": "pet3d",
  "lockfileVersion": 3,
  "requires": true,
  "packages": {
    "": {
      "name": "pet3d",
      "dependencies": {
        "iced-x86": "^1.21.0"
      }
    },
    "node_modules/iced-x86": {
      "version": "1.21.0",
      "resolved": "https://registry.npmjs.org/iced-x86/-/iced-x86-1.21.0.tgz",
      "integrity": "sha512-zHK5/RREJbD7N2BfbeiHJciHbZKCSwI5c34wASV9/B8vNe+mjOzqK8RIabhMLmqHv3L6UvuFDlpdS/dqleQyeA==",
      "license": "MIT"
    }
  }
}
